
Microsoft Visual Studio Solution File, Format Version 12.00
# Visual Studio Version 16
VisualStudioVersion = 16.0.31129.286
MinimumVisualStudioVersion = 10.0.40219.1
Project("{FAE04EC0-301F-11D3-BF4B-00C04F79EFBC}") = "SecureCode", "SecureCode.csproj", "{CDF3E8C2-3B67-4FBA-9D4A-8C815499736C}"
EndProject
Project("{FAE04EC0-301F-11D3-BF4B-00C04F79EFBC}") = "ConnexioBD", "..\ConnexioBD\ConnexioBD.csproj", "{8077036B-B090-464F-BDA5-82C43CD4CA3D}"
EndProject
Project("{FAE04EC0-301F-11D3-BF4B-00C04F79EFBC}") = "SWTextbox", "..\Controls\SWTextbox\SWTextbox.csproj", "{AD4FB985-D4D4-4F09-851D-D5E59649F906}"
EndProject
Project("{FAE04EC0-301F-11D3-BF4B-00C04F79EFBC}") = "LlencaAplicacions", "..\Controls\LlencaAplicacions\LlencaAplicacions.csproj", "{4C9E29F0-0D9F-4EB4-9F99-83BC8C863DAA}"
EndProject
Global
	GlobalSection(SolutionConfigurationPlatforms) = preSolution
		Debug|Any CPU = Debug|Any CPU
		Release|Any CPU = Release|Any CPU
	EndGlobalSection
	GlobalSection(ProjectConfigurationPlatforms) = postSolution
		{CDF3E8C2-3B67-4FBA-9D4A-8C815499736C}.Debug|Any CPU.ActiveCfg = Debug|Any CPU
		{CDF3E8C2-3B67-4FBA-9D4A-8C815499736C}.Debug|Any CPU.Build.0 = Debug|Any CPU
		{CDF3E8C2-3B67-4FBA-9D4A-8C815499736C}.Release|Any CPU.ActiveCfg = Release|Any CPU
		{CDF3E8C2-3B67-4FBA-9D4A-8C815499736C}.Release|Any CPU.Build.0 = Release|Any CPU
		{8077036B-B090-464F-BDA5-82C43CD4CA3D}.Debug|Any CPU.ActiveCfg = Debug|Any CPU
		{8077036B-B090-464F-BDA5-82C43CD4CA3D}.Debug|Any CPU.Build.0 = Debug|Any CPU
		{8077036B-B090-464F-BDA5-82C43CD4CA3D}.Release|Any CPU.ActiveCfg = Release|Any CPU
		{8077036B-B090-464F-BDA5-82C43CD4CA3D}.Release|Any CPU.Build.0 = Release|Any CPU
		{AD4FB985-D4D4-4F09-851D-D5E59649F906}.Debug|Any CPU.ActiveCfg = Debug|Any CPU
		{AD4FB985-D4D4-4F09-851D-D5E59649F906}.Debug|Any CPU.Build.0 = Debug|Any CPU
		{AD4FB985-D4D4-4F09-851D-D5E59649F906}.Release|Any CPU.ActiveCfg = Release|Any CPU
		{AD4FB985-D4D4-4F09-851D-D5E59649F906}.Release|Any CPU.Build.0 = Release|Any CPU
		{4C9E29F0-0D9F-4EB4-9F99-83BC8C863DAA}.Debug|Any CPU.ActiveCfg = Debug|Any CPU
		{4C9E29F0-0D9F-4EB4-9F99-83BC8C863DAA}.Debug|Any CPU.Build.0 = Debug|Any CPU
		{4C9E29F0-0D9F-4EB4-9F99-83BC8C863DAA}.Release|Any CPU.ActiveCfg = Release|Any CPU
		{4C9E29F0-0D9F-4EB4-9F99-83BC8C863DAA}.Release|Any CPU.Build.0 = Release|Any CPU
	EndGlobalSection
	GlobalSection(SolutionProperties) = preSolution
		HideSolutionNode = FALSE
	EndGlobalSection
	GlobalSection(ExtensibilityGlobals) = postSolution
		SolutionGuid = {C92ABFE7-3A75-46C7-85FA-D9AE347CCAEE}
	EndGlobalSection
EndGlobal
